
Microsoft Visual Studio Solution File, Format Version 12.00
# Visual Studio Version 17
VisualStudioVersion = 17.3.32901.215
MinimumVisualStudioVersion = 10.0.40219.1
Project("{8BC9CEB8-8B4A-11D0-8D11-00A0C91BC942}") = "Cpluspluss Advanced", "Cpluspluss Advanced.vcxproj", "{C10196A1-1975-4A22-86F4-0A83905F59B6}"
EndProject
Global
	GlobalSection(SolutionConfigurationPlatforms) = preSolution
		Debug|x64 = Debug|x64
		Debug|x86 = Debug|x86
		Release|x64 = Release|x64
		Release|x86 = Release|x86
	EndGlobalSection
	GlobalSection(ProjectConfigurationPlatforms) = postSolution
		{C10196A1-1975-4A22-86F4-0A83905F59B6}.Debug|x64.ActiveCfg = Debug|x64
		{C10196A1-1975-4A22-86F4-0A83905F59B6}.Debug|x64.Build.0 = Debug|x64
		{C10196A1-1975-4A22-86F4-0A83905F59B6}.Debug|x86.ActiveCfg = Debug|Win32
		{C10196A1-1975-4A22-86F4-0A83905F59B6}.Debug|x86.Build.0 = Debug|Win32
		{C10196A1-1975-4A22-86F4-0A83905F59B6}.Release|x64.ActiveCfg = Release|x64
		{C10196A1-1975-4A22-86F4-0A83905F59B6}.Release|x64.Build.0 = Release|x64
		{C10196A1-1975-4A22-86F4-0A83905F59B6}.Release|x86.ActiveCfg = Release|Win32
		{C10196A1-1975-4A22-86F4-0A83905F59B6}.Release|x86.Build.0 = Release|Win32
	EndGlobalSection
	GlobalSection(SolutionProperties) = preSolution
		HideSolutionNode = FALSE
	EndGlobalSection
	GlobalSection(ExtensibilityGlobals) = postSolution
		SolutionGuid = {2DEB387A-F4A0-4E65-AB28-C948F8BA6EB7}
	EndGlobalSection
EndGlobal
